// !$*UTF8*$!
{
	archiveVersion = 1;
	classes = {
	};
	objectVersion = 55;
	objects = {

/* Begin PBXBuildFile section */
		3F9C923EC2DFE40D408FA8AA /* Pods_Speedy_Haircut.framework in Frameworks */ = {isa = PBXBuildFile; fileRef = 9A4DC61C8C2E172E679214CB /* Pods_Speedy_Haircut.framework */; };
		4C0A095F2882068200FC7665 /* CalendarPickerFooterView.swift in Sources */ = {isa = PBXBuildFile; fileRef = 4C0A09592882068100FC7665 /* CalendarPickerFooterView.swift */; };
		4C0A09602882068200FC7665 /* CalendarPickerHeaderView.swift in Sources */ = {isa = PBXBuildFile; fileRef = 4C0A095A2882068100FC7665 /* CalendarPickerHeaderView.swift */; };
		4C0A09612882068200FC7665 /* CalendarDateCollectionViewCell.swift in Sources */ = {isa = PBXBuildFile; fileRef = 4C0A095B2882068100FC7665 /* CalendarDateCollectionViewCell.swift */; };
		4C0A09622882068200FC7665 /* Day.swift in Sources */ = {isa = PBXBuildFile; fileRef = 4C0A095C2882068100FC7665 /* Day.swift */; };
		4C0A09632882068200FC7665 /* CalendarPickerViewController.swift in Sources */ = {isa = PBXBuildFile; fileRef = 4C0A095D2882068100FC7665 /* CalendarPickerViewController.swift */; };
		4C0A09642882068200FC7665 /* MonthMetadata.swift in Sources */ = {isa = PBXBuildFile; fileRef = 4C0A095E2882068100FC7665 /* MonthMetadata.swift */; };
		4C0A0968288218E300FC7665 /* CalendarPicker.swift in Sources */ = {isa = PBXBuildFile; fileRef = 4C0A0967288218E300FC7665 /* CalendarPicker.swift */; };
		4C0E00C0286EC9810054B309 /* ProfileView.swift in Sources */ = {isa = PBXBuildFile; fileRef = 4C0E00BF286EC9810054B309 /* ProfileView.swift */; };
		4C398AC0286AB16A000188D5 /* SignUpView.swift in Sources */ = {isa = PBXBuildFile; fileRef = 4C398ABF286AB16A000188D5 /* SignUpView.swift */; };
		4C398AC2286AB737000188D5 /* ProfileSwitchView.swift in Sources */ = {isa = PBXBuildFile; fileRef = 4C398AC1286AB737000188D5 /* ProfileSwitchView.swift */; };
		4C398AC6286BAA03000188D5 /* GoogleService-Info.plist in Resources */ = {isa = PBXBuildFile; fileRef = 4C398AC5286BAA03000188D5 /* GoogleService-Info.plist */; };
		4C398AC8286C94DB000188D5 /* Lottie-Animations in Resources */ = {isa = PBXBuildFile; fileRef = 4C398AC7286C94DB000188D5 /* Lottie-Animations */; };
		4C398ACD286C9987000188D5 /* LottieView.swift in Sources */ = {isa = PBXBuildFile; fileRef = 4C398ACC286C9987000188D5 /* LottieView.swift */; };
		4C398ACF286CEFB0000188D5 /* DatabaseBrain.swift in Sources */ = {isa = PBXBuildFile; fileRef = 4C398ACE286CEFB0000188D5 /* DatabaseBrain.swift */; };
		4C398AD1286CF0C8000188D5 /* User.swift in Sources */ = {isa = PBXBuildFile; fileRef = 4C398AD0286CF0C8000188D5 /* User.swift */; };
		4C398AD3286CF255000188D5 /* Constants.swift in Sources */ = {isa = PBXBuildFile; fileRef = 4C398AD2286CF255000188D5 /* Constants.swift */; };
		4C398AD5286D4E80000188D5 /* LoadingView.swift in Sources */ = {isa = PBXBuildFile; fileRef = 4C398AD4286D4E80000188D5 /* LoadingView.swift */; };
		4C39C6E02883E0ED0059D16A /* reservableTimeSlot.swift in Sources */ = {isa = PBXBuildFile; fileRef = 4C39C6DF2883E0EC0059D16A /* reservableTimeSlot.swift */; };
		4C4BF88E286981E7000AC23F /* Speedy_HaircutApp.swift in Sources */ = {isa = PBXBuildFile; fileRef = 4C4BF88D286981E7000AC23F /* Speedy_HaircutApp.swift */; };
		4C4BF890286981E7000AC23F /* SignInView.swift in Sources */ = {isa = PBXBuildFile; fileRef = 4C4BF88F286981E7000AC23F /* SignInView.swift */; };
		4C4BF892286981E9000AC23F /* Assets.xcassets in Resources */ = {isa = PBXBuildFile; fileRef = 4C4BF891286981E9000AC23F /* Assets.xcassets */; };
		4C4BF895286981E9000AC23F /* Preview Assets.xcassets in Resources */ = {isa = PBXBuildFile; fileRef = 4C4BF894286981E9000AC23F /* Preview Assets.xcassets */; };
		4C748CFC28778B65000F80E3 /* SingleFlipView.swift in Sources */ = {isa = PBXBuildFile; fileRef = 4C748CFB28778B65000F80E3 /* SingleFlipView.swift */; };
		4C748D0328778EBA000F80E3 /* FlipView.swift in Sources */ = {isa = PBXBuildFile; fileRef = 4C748D0228778EBA000F80E3 /* FlipView.swift */; };
		4C748D0528778EFF000F80E3 /* FlipViewModel.swift in Sources */ = {isa = PBXBuildFile; fileRef = 4C748D0428778EFF000F80E3 /* FlipViewModel.swift */; };
		4C748D072877A5FA000F80E3 /* TimeSlot.swift in Sources */ = {isa = PBXBuildFile; fileRef = 4C748D062877A5FA000F80E3 /* TimeSlot.swift */; };
		4C748D0B2877B1CF000F80E3 /* TimePickerView.swift in Sources */ = {isa = PBXBuildFile; fileRef = 4C748D0A2877B1CF000F80E3 /* TimePickerView.swift */; };
		4C8D8E56286FA249009F5C61 /* QueueingView.swift in Sources */ = {isa = PBXBuildFile; fileRef = 4C8D8E55286FA249009F5C61 /* QueueingView.swift */; };
		4C8D8E5828710948009F5C61 /* QueueView.swift in Sources */ = {isa = PBXBuildFile; fileRef = 4C8D8E5728710948009F5C61 /* QueueView.swift */; };
		4C8D8E5A28710A48009F5C61 /* UserTabView.swift in Sources */ = {isa = PBXBuildFile; fileRef = 4C8D8E5928710A48009F5C61 /* UserTabView.swift */; };
		4C8D8E5C28710C69009F5C61 /* ReservationView.swift in Sources */ = {isa = PBXBuildFile; fileRef = 4C8D8E5B28710C69009F5C61 /* ReservationView.swift */; };
		4C8D8E5E287115F7009F5C61 /* QueueList.swift in Sources */ = {isa = PBXBuildFile; fileRef = 4C8D8E5D287115F6009F5C61 /* QueueList.swift */; };
		4CCE837728762E440036FE7D /* FirebaseAuth in Frameworks */ = {isa = PBXBuildFile; productRef = 4CCE837628762E440036FE7D /* FirebaseAuth */; };
		4CCE837928762E440036FE7D /* FirebaseFirestore in Frameworks */ = {isa = PBXBuildFile; productRef = 4CCE837828762E440036FE7D /* FirebaseFirestore */; };
		4CCE837B28762E440036FE7D /* FirebaseFunctions in Frameworks */ = {isa = PBXBuildFile; productRef = 4CCE837A28762E440036FE7D /* FirebaseFunctions */; };
		4CCE837E28762E770036FE7D /* Lottie in Frameworks */ = {isa = PBXBuildFile; productRef = 4CCE837D28762E770036FE7D /* Lottie */; };
		4CD55F352875F745008DA74A /* Reservation.swift in Sources */ = {isa = PBXBuildFile; fileRef = 4CD55F342875F745008DA74A /* Reservation.swift */; };
		4CDE7BAD28871D1A00C012CE /* ReservationBrain.swift in Sources */ = {isa = PBXBuildFile; fileRef = 4CDE7BAC28871D1A00C012CE /* ReservationBrain.swift */; };
		4CDE7BAF28871E4200C012CE /* Extensions.swift in Sources */ = {isa = PBXBuildFile; fileRef = 4CDE7BAE28871E4200C012CE /* Extensions.swift */; };
		4CEA638028753EF900619D7F /* Test.swift in Sources */ = {isa = PBXBuildFile; fileRef = 4CEA637F28753EF900619D7F /* Test.swift */; };
		4CF5EEC828699DEB00AEF857 /* AuthenticationBrain.swift in Sources */ = {isa = PBXBuildFile; fileRef = 4CF5EEC728699DEB00AEF857 /* AuthenticationBrain.swift */; };
		4CF5EECB286AAB8E00AEF857 /* LoginSwitchView.swift in Sources */ = {isa = PBXBuildFile; fileRef = 4CF5EECA286AAB8E00AEF857 /* LoginSwitchView.swift */; };
		4CFEA9EF28750BC400DFF233 /* Sort.swift in Sources */ = {isa = PBXBuildFile; fileRef = 4CFEA9EE28750BC400DFF233 /* Sort.swift */; };
/* End PBXBuildFile section */

/* Begin PBXFileReference section */
		4C0A09592882068100FC7665 /* CalendarPickerFooterView.swift */ = {isa = PBXFileReference; fileEncoding = 4; lastKnownFileType = sourcecode.swift; path = CalendarPickerFooterView.swift; sourceTree = "<group>"; };
		4C0A095A2882068100FC7665 /* CalendarPickerHeaderView.swift */ = {isa = PBXFileReference; fileEncoding = 4; lastKnownFileType = sourcecode.swift; path = CalendarPickerHeaderView.swift; sourceTree = "<group>"; };
		4C0A095B2882068100FC7665 /* CalendarDateCollectionViewCell.swift */ = {isa = PBXFileReference; fileEncoding = 4; lastKnownFileType = sourcecode.swift; path = CalendarDateCollectionViewCell.swift; sourceTree = "<group>"; };
		4C0A095C2882068100FC7665 /* Day.swift */ = {isa = PBXFileReference; fileEncoding = 4; lastKnownFileType = sourcecode.swift; path = Day.swift; sourceTree = "<group>"; };
		4C0A095D2882068100FC7665 /* CalendarPickerViewController.swift */ = {isa = PBXFileReference; fileEncoding = 4; lastKnownFileType = sourcecode.swift; path = CalendarPickerViewController.swift; sourceTree = "<group>"; };
		4C0A095E2882068100FC7665 /* MonthMetadata.swift */ = {isa = PBXFileReference; fileEncoding = 4; lastKnownFileType = sourcecode.swift; path = MonthMetadata.swift; sourceTree = "<group>"; };
		4C0A0967288218E300FC7665 /* CalendarPicker.swift */ = {isa = PBXFileReference; fileEncoding = 4; lastKnownFileType = sourcecode.swift; path = CalendarPicker.swift; sourceTree = "<group>"; };
		4C0E00BF286EC9810054B309 /* ProfileView.swift */ = {isa = PBXFileReference; fileEncoding = 4; lastKnownFileType = sourcecode.swift; path = ProfileView.swift; sourceTree = "<group>"; };
		4C398ABF286AB16A000188D5 /* SignUpView.swift */ = {isa = PBXFileReference; lastKnownFileType = sourcecode.swift; path = SignUpView.swift; sourceTree = "<group>"; };
		4C398AC1286AB737000188D5 /* ProfileSwitchView.swift */ = {isa = PBXFileReference; lastKnownFileType = sourcecode.swift; path = ProfileSwitchView.swift; sourceTree = "<group>"; };
		4C398AC5286BAA03000188D5 /* GoogleService-Info.plist */ = {isa = PBXFileReference; fileEncoding = 4; lastKnownFileType = text.plist.xml; path = "GoogleService-Info.plist"; sourceTree = "<group>"; };
		4C398AC7286C94DB000188D5 /* Lottie-Animations */ = {isa = PBXFileReference; lastKnownFileType = folder; path = "Lottie-Animations"; sourceTree = "<group>"; };
		4C398ACC286C9987000188D5 /* LottieView.swift */ = {isa = PBXFileReference; lastKnownFileType = sourcecode.swift; path = LottieView.swift; sourceTree = "<group>"; };
		4C398ACE286CEFB0000188D5 /* DatabaseBrain.swift */ = {isa = PBXFileReference; lastKnownFileType = sourcecode.swift; path = DatabaseBrain.swift; sourceTree = "<group>"; };
		4C398AD0286CF0C8000188D5 /* User.swift */ = {isa = PBXFileReference; lastKnownFileType = sourcecode.swift; path = User.swift; sourceTree = "<group>"; };
		4C398AD2286CF255000188D5 /* Constants.swift */ = {isa = PBXFileReference; lastKnownFileType = sourcecode.swift; path = Constants.swift; sourceTree = "<group>"; };
		4C398AD4286D4E80000188D5 /* LoadingView.swift */ = {isa = PBXFileReference; lastKnownFileType = sourcecode.swift; path = LoadingView.swift; sourceTree = "<group>"; };
		4C39C6DF2883E0EC0059D16A /* reservableTimeSlot.swift */ = {isa = PBXFileReference; lastKnownFileType = sourcecode.swift; path = reservableTimeSlot.swift; sourceTree = "<group>"; };
		4C4BF88A286981E7000AC23F /* Speedy Haircut.app */ = {isa = PBXFileReference; explicitFileType = wrapper.application; includeInIndex = 0; path = "Speedy Haircut.app"; sourceTree = BUILT_PRODUCTS_DIR; };
		4C4BF88D286981E7000AC23F /* Speedy_HaircutApp.swift */ = {isa = PBXFileReference; lastKnownFileType = sourcecode.swift; path = Speedy_HaircutApp.swift; sourceTree = "<group>"; };
		4C4BF88F286981E7000AC23F /* SignInView.swift */ = {isa = PBXFileReference; lastKnownFileType = sourcecode.swift; path = SignInView.swift; sourceTree = "<group>"; };
		4C4BF891286981E9000AC23F /* Assets.xcassets */ = {isa = PBXFileReference; lastKnownFileType = folder.assetcatalog; path = Assets.xcassets; sourceTree = "<group>"; };
		4C4BF894286981E9000AC23F /* Preview Assets.xcassets */ = {isa = PBXFileReference; lastKnownFileType = folder.assetcatalog; path = "Preview Assets.xcassets"; sourceTree = "<group>"; };
		4C748CFB28778B65000F80E3 /* SingleFlipView.swift */ = {isa = PBXFileReference; lastKnownFileType = sourcecode.swift; path = SingleFlipView.swift; sourceTree = "<group>"; };
		4C748D0228778EBA000F80E3 /* FlipView.swift */ = {isa = PBXFileReference; lastKnownFileType = sourcecode.swift; path = FlipView.swift; sourceTree = "<group>"; };
		4C748D0428778EFF000F80E3 /* FlipViewModel.swift */ = {isa = PBXFileReference; lastKnownFileType = sourcecode.swift; path = FlipViewModel.swift; sourceTree = "<group>"; };
		4C748D062877A5FA000F80E3 /* TimeSlot.swift */ = {isa = PBXFileReference; lastKnownFileType = sourcecode.swift; path = TimeSlot.swift; sourceTree = "<group>"; };
		4C748D0A2877B1CF000F80E3 /* TimePickerView.swift */ = {isa = PBXFileReference; lastKnownFileType = sourcecode.swift; path = TimePickerView.swift; sourceTree = "<group>"; };
		4C8D8E55286FA249009F5C61 /* QueueingView.swift */ = {isa = PBXFileReference; lastKnownFileType = sourcecode.swift; path = QueueingView.swift; sourceTree = "<group>"; };
		4C8D8E5728710948009F5C61 /* QueueView.swift */ = {isa = PBXFileReference; lastKnownFileType = sourcecode.swift; path = QueueView.swift; sourceTree = "<group>"; };
		4C8D8E5928710A48009F5C61 /* UserTabView.swift */ = {isa = PBXFileReference; lastKnownFileType = sourcecode.swift; path = UserTabView.swift; sourceTree = "<group>"; };
		4C8D8E5B28710C69009F5C61 /* ReservationView.swift */ = {isa = PBXFileReference; lastKnownFileType = sourcecode.swift; path = ReservationView.swift; sourceTree = "<group>"; };
		4C8D8E5D287115F6009F5C61 /* QueueList.swift */ = {isa = PBXFileReference; lastKnownFileType = sourcecode.swift; path = QueueList.swift; sourceTree = "<group>"; };
		4CD55F342875F745008DA74A /* Reservation.swift */ = {isa = PBXFileReference; lastKnownFileType = sourcecode.swift; path = Reservation.swift; sourceTree = "<group>"; };
		4CDE7BAC28871D1A00C012CE /* ReservationBrain.swift */ = {isa = PBXFileReference; lastKnownFileType = sourcecode.swift; name = ReservationBrain.swift; path = "Speedy Haircut/CalendarPicker/ReservationBrain.swift"; sourceTree = SOURCE_ROOT; };
		4CDE7BAE28871E4200C012CE /* Extensions.swift */ = {isa = PBXFileReference; lastKnownFileType = sourcecode.swift; path = Extensions.swift; sourceTree = "<group>"; };
		4CEA637F28753EF900619D7F /* Test.swift */ = {isa = PBXFileReference; lastKnownFileType = sourcecode.swift; path = Test.swift; sourceTree = "<group>"; };
		4CF5EEC728699DEB00AEF857 /* AuthenticationBrain.swift */ = {isa = PBXFileReference; lastKnownFileType = sourcecode.swift; path = AuthenticationBrain.swift; sourceTree = "<group>"; };
		4CF5EECA286AAB8E00AEF857 /* LoginSwitchView.swift */ = {isa = PBXFileReference; lastKnownFileType = sourcecode.swift; path = LoginSwitchView.swift; sourceTree = "<group>"; };
		4CFEA9EE28750BC400DFF233 /* Sort.swift */ = {isa = PBXFileReference; lastKnownFileType = sourcecode.swift; path = Sort.swift; sourceTree = "<group>"; };
		5436FDA635CEC29B0B23D247 /* Pods-Speedy Haircut.debug.xcconfig */ = {isa = PBXFileReference; includeInIndex = 1; lastKnownFileType = text.xcconfig; name = "Pods-Speedy Haircut.debug.xcconfig"; path = "Target Support Files/Pods-Speedy Haircut/Pods-Speedy Haircut.debug.xcconfig"; sourceTree = "<group>"; };
		8840D9E8998D1F64628EB1C5 /* Pods-Speedy Haircut.release.xcconfig */ = {isa = PBXFileReference; includeInIndex = 1; lastKnownFileType = text.xcconfig; name = "Pods-Speedy Haircut.release.xcconfig"; path = "Target Support Files/Pods-Speedy Haircut/Pods-Speedy Haircut.release.xcconfig"; sourceTree = "<group>"; };
		9A4DC61C8C2E172E679214CB /* Pods_Speedy_Haircut.framework */ = {isa = PBXFileReference; explicitFileType = wrapper.framework; includeInIndex = 0; path = Pods_Speedy_Haircut.framework; sourceTree = BUILT_PRODUCTS_DIR; };
/* End PBXFileReference section */

/* Begin PBXFrameworksBuildPhase section */
		4C4BF887286981E7000AC23F /* Frameworks */ = {
			isa = PBXFrameworksBuildPhase;
			buildActionMask = 2147483647;
			files = (
				4CCE837E28762E770036FE7D /* Lottie in Frameworks */,
				3F9C923EC2DFE40D408FA8AA /* Pods_Speedy_Haircut.framework in Frameworks */,
				4CCE837728762E440036FE7D /* FirebaseAuth in Frameworks */,
				4CCE837928762E440036FE7D /* FirebaseFirestore in Frameworks */,
				4CCE837B28762E440036FE7D /* FirebaseFunctions in Frameworks */,
			);
			runOnlyForDeploymentPostprocessing = 0;
		};
/* End PBXFrameworksBuildPhase section */

/* Begin PBXGroup section */
		4C0A09652882069500FC7665 /* CalendarPicker */ = {
			isa = PBXGroup;
			children = (
				4C0A095B2882068100FC7665 /* CalendarDateCollectionViewCell.swift */,
				4C0A09592882068100FC7665 /* CalendarPickerFooterView.swift */,
				4C0A095A2882068100FC7665 /* CalendarPickerHeaderView.swift */,
				4C0A095D2882068100FC7665 /* CalendarPickerViewController.swift */,
				4C0A0967288218E300FC7665 /* CalendarPicker.swift */,
			);
			path = CalendarPicker;
			sourceTree = "<group>";
		};
		4C0A0966288206A000FC7665 /* CalendarDataModel */ = {
			isa = PBXGroup;
			children = (
				4C0A095C2882068100FC7665 /* Day.swift */,
				4C0A095E2882068100FC7665 /* MonthMetadata.swift */,
			);
			path = CalendarDataModel;
			sourceTree = "<group>";
		};
		4C4BF881286981E7000AC23F = {
			isa = PBXGroup;
			children = (
				4C4BF88C286981E7000AC23F /* Speedy Haircut */,
				4C4BF88B286981E7000AC23F /* Products */,
				8AF7B8411DBFC6F8C54C7FA9 /* Pods */,
				AF101D20C87769CB1B562B3D /* Frameworks */,
			);
			sourceTree = "<group>";
		};
		4C4BF88B286981E7000AC23F /* Products */ = {
			isa = PBXGroup;
			children = (
				4C4BF88A286981E7000AC23F /* Speedy Haircut.app */,
			);
			name = Products;
			sourceTree = "<group>";
		};
		4C4BF88C286981E7000AC23F /* Speedy Haircut */ = {
			isa = PBXGroup;
			children = (
				4C0A09652882069500FC7665 /* CalendarPicker */,
				4C398AC5286BAA03000188D5 /* GoogleService-Info.plist */,
				4C4BF88D286981E7000AC23F /* Speedy_HaircutApp.swift */,
				4C398AC7286C94DB000188D5 /* Lottie-Animations */,
				4CF5EEC628699DDA00AEF857 /* Model */,
				4CF5EEC528699DB300AEF857 /* View */,
				4C4BF891286981E9000AC23F /* Assets.xcassets */,
				4C4BF893286981E9000AC23F /* Preview Content */,
			);
			path = "Speedy Haircut";
			sourceTree = "<group>";
		};
		4C4BF893286981E9000AC23F /* Preview Content */ = {
			isa = PBXGroup;
			children = (
				4C4BF894286981E9000AC23F /* Preview Assets.xcassets */,
			);
			path = "Preview Content";
			sourceTree = "<group>";
		};
		4C748CFA28778B32000F80E3 /* TimePicker Views */ = {
			isa = PBXGroup;
			children = (
				4C748CFB28778B65000F80E3 /* SingleFlipView.swift */,
				4C748D0228778EBA000F80E3 /* FlipView.swift */,
				4C748D0428778EFF000F80E3 /* FlipViewModel.swift */,
				4C748D0A2877B1CF000F80E3 /* TimePickerView.swift */,
			);
			path = "TimePicker Views";
			sourceTree = "<group>";
		};
		4C748D0D2877BA47000F80E3 /* Sign Views */ = {
			isa = PBXGroup;
			children = (
				4C398AC1286AB737000188D5 /* ProfileSwitchView.swift */,
				4C4BF88F286981E7000AC23F /* SignInView.swift */,
				4C398ABF286AB16A000188D5 /* SignUpView.swift */,
				4CF5EECA286AAB8E00AEF857 /* LoginSwitchView.swift */,
			);
			path = "Sign Views";
			sourceTree = "<group>";
		};
		4C748D0E2877BA86000F80E3 /* User main Views */ = {
			isa = PBXGroup;
			children = (
				4C0E00BF286EC9810054B309 /* ProfileView.swift */,
				4C8D8E5728710948009F5C61 /* QueueView.swift */,
				4C8D8E5928710A48009F5C61 /* UserTabView.swift */,
				4C8D8E5B28710C69009F5C61 /* ReservationView.swift */,
			);
			path = "User main Views";
			sourceTree = "<group>";
		};
		4C748D0F2877BAAF000F80E3 /* Loading Views */ = {
			isa = PBXGroup;
			children = (
				4C398ACC286C9987000188D5 /* LottieView.swift */,
				4C8D8E55286FA249009F5C61 /* QueueingView.swift */,
				4C398AD4286D4E80000188D5 /* LoadingView.swift */,
			);
			path = "Loading Views";
			sourceTree = "<group>";
		};
		4C748D102877BAFF000F80E3 /* DataModel */ = {
			isa = PBXGroup;
			children = (
				4C8D8E5D287115F6009F5C61 /* QueueList.swift */,
				4C398AD2286CF255000188D5 /* Constants.swift */,
				4CD55F342875F745008DA74A /* Reservation.swift */,
				4C398AD0286CF0C8000188D5 /* User.swift */,
				4C748D062877A5FA000F80E3 /* TimeSlot.swift */,
				4C39C6DF2883E0EC0059D16A /* reservableTimeSlot.swift */,
			);
			path = DataModel;
			sourceTree = "<group>";
		};
		4CF5EEC528699DB300AEF857 /* View */ = {
			isa = PBXGroup;
			children = (
				4C748CFA28778B32000F80E3 /* TimePicker Views */,
				4C748D0E2877BA86000F80E3 /* User main Views */,
				4C748D0F2877BAAF000F80E3 /* Loading Views */,
				4C748D0D2877BA47000F80E3 /* Sign Views */,
			);
			path = View;
			sourceTree = "<group>";
		};
		4CF5EEC628699DDA00AEF857 /* Model */ = {
			isa = PBXGroup;
			children = (
				4C0A0966288206A000FC7665 /* CalendarDataModel */,
				4C748D102877BAFF000F80E3 /* DataModel */,
				4CF5EEC728699DEB00AEF857 /* AuthenticationBrain.swift */,
				4CDE7BAC28871D1A00C012CE /* ReservationBrain.swift */,
				4CDE7BAE28871E4200C012CE /* Extensions.swift */,
				4C398ACE286CEFB0000188D5 /* DatabaseBrain.swift */,
				4CFEA9EE28750BC400DFF233 /* Sort.swift */,
				4CEA637F28753EF900619D7F /* Test.swift */,
			);
			path = Model;
			sourceTree = "<group>";
		};
		8AF7B8411DBFC6F8C54C7FA9 /* Pods */ = {
			isa = PBXGroup;
			children = (
				5436FDA635CEC29B0B23D247 /* Pods-Speedy Haircut.debug.xcconfig */,
				8840D9E8998D1F64628EB1C5 /* Pods-Speedy Haircut.release.xcconfig */,
			);
			path = Pods;
			sourceTree = "<group>";
		};
		AF101D20C87769CB1B562B3D /* Frameworks */ = {
			isa = PBXGroup;
			children = (
				9A4DC61C8C2E172E679214CB /* Pods_Speedy_Haircut.framework */,
			);
			name = Frameworks;
			sourceTree = "<group>";
		};
/* End PBXGroup section */

/* Begin PBXNativeTarget section */
		4C4BF889286981E7000AC23F /* Speedy Haircut */ = {
			isa = PBXNativeTarget;
			buildConfigurationList = 4C4BF898286981E9000AC23F /* Build configuration list for PBXNativeTarget "Speedy Haircut" */;
			buildPhases = (
				DC9EE05E60F1258B2D9B7D70 /* [CP] Check Pods Manifest.lock */,
				4C4BF886286981E7000AC23F /* Sources */,
				4C4BF887286981E7000AC23F /* Frameworks */,
				4C4BF888286981E7000AC23F /* Resources */,
				12040F232CBD9102E1348888 /* [CP] Embed Pods Frameworks */,
			);
			buildRules = (
			);
			dependencies = (
			);
			name = "Speedy Haircut";
			packageProductDependencies = (
				4CCE837628762E440036FE7D /* FirebaseAuth */,
				4CCE837828762E440036FE7D /* FirebaseFirestore */,
				4CCE837A28762E440036FE7D /* FirebaseFunctions */,
				4CCE837D28762E770036FE7D /* Lottie */,
			);
			productName = "Speedy Haircut";
			productReference = 4C4BF88A286981E7000AC23F /* Speedy Haircut.app */;
			productType = "com.apple.product-type.application";
		};
/* End PBXNativeTarget section */

/* Begin PBXProject section */
		4C4BF882286981E7000AC23F /* Project object */ = {
			isa = PBXProject;
			attributes = {
				BuildIndependentTargetsInParallel = 1;
				LastSwiftUpdateCheck = 1340;
				LastUpgradeCheck = 1340;
				TargetAttributes = {
					4C4BF889286981E7000AC23F = {
						CreatedOnToolsVersion = 13.4.1;
					};
				};
			};
			buildConfigurationList = 4C4BF885286981E7000AC23F /* Build configuration list for PBXProject "Speedy Haircut" */;
			compatibilityVersion = "Xcode 13.0";
			developmentRegion = en;
			hasScannedForEncodings = 0;
			knownRegions = (
				en,
				Base,
			);
			mainGroup = 4C4BF881286981E7000AC23F;
			packageReferences = (
				4CCE837528762E440036FE7D /* XCRemoteSwiftPackageReference "firebase-ios-sdk" */,
				4CCE837C28762E770036FE7D /* XCRemoteSwiftPackageReference "lottie-ios" */,
			);
			productRefGroup = 4C4BF88B286981E7000AC23F /* Products */;
			projectDirPath = "";
			projectRoot = "";
			targets = (
				4C4BF889286981E7000AC23F /* Speedy Haircut */,
			);
		};
/* End PBXProject section */

/* Begin PBXResourcesBuildPhase section */
		4C4BF888286981E7000AC23F /* Resources */ = {
			isa = PBXResourcesBuildPhase;
			buildActionMask = 2147483647;
			files = (
				4C4BF895286981E9000AC23F /* Preview Assets.xcassets in Resources */,
				4C4BF892286981E9000AC23F /* Assets.xcassets in Resources */,
				4C398AC8286C94DB000188D5 /* Lottie-Animations in Resources */,
				4C398AC6286BAA03000188D5 /* GoogleService-Info.plist in Resources */,
			);
			runOnlyForDeploymentPostprocessing = 0;
		};
/* End PBXResourcesBuildPhase section */

/* Begin PBXShellScriptBuildPhase section */
		12040F232CBD9102E1348888 /* [CP] Embed Pods Frameworks */ = {
			isa = PBXShellScriptBuildPhase;
			buildActionMask = 2147483647;
			files = (
			);
			inputFileListPaths = (
				"${PODS_ROOT}/Target Support Files/Pods-Speedy Haircut/Pods-Speedy Haircut-frameworks-${CONFIGURATION}-input-files.xcfilelist",
			);
			name = "[CP] Embed Pods Frameworks";
			outputFileListPaths = (
				"${PODS_ROOT}/Target Support Files/Pods-Speedy Haircut/Pods-Speedy Haircut-frameworks-${CONFIGURATION}-output-files.xcfilelist",
			);
			runOnlyForDeploymentPostprocessing = 0;
			shellPath = /bin/sh;
			shellScript = "\"${PODS_ROOT}/Target Support Files/Pods-Speedy Haircut/Pods-Speedy Haircut-frameworks.sh\"\n";
			showEnvVarsInLog = 0;
		};
		DC9EE05E60F1258B2D9B7D70 /* [CP] Check Pods Manifest.lock */ = {
			isa = PBXShellScriptBuildPhase;
			buildActionMask = 2147483647;
			files = (
			);
			inputFileListPaths = (
			);
			inputPaths = (
				"${PODS_PODFILE_DIR_PATH}/Podfile.lock",
				"${PODS_ROOT}/Manifest.lock",
			);
			name = "[CP] Check Pods Manifest.lock";
			outputFileListPaths = (
			);
			outputPaths = (
				"$(DERIVED_FILE_DIR)/Pods-Speedy Haircut-checkManifestLockResult.txt",
			);
			runOnlyForDeploymentPostprocessing = 0;
			shellPath = /bin/sh;
			shellScript = "diff \"${PODS_PODFILE_DIR_PATH}/Podfile.lock\" \"${PODS_ROOT}/Manifest.lock\" > /dev/null\nif [ $? != 0 ] ; then\n    # print error to STDERR\n    echo \"error: The sandbox is not in sync with the Podfile.lock. Run 'pod install' or update your CocoaPods installation.\" >&2\n    exit 1\nfi\n# This output is used by Xcode 'outputs' to avoid re-running this script phase.\necho \"SUCCESS\" > \"${SCRIPT_OUTPUT_FILE_0}\"\n";
			showEnvVarsInLog = 0;
		};
/* End PBXShellScriptBuildPhase section */

/* Begin PBXSourcesBuildPhase section */
		4C4BF886286981E7000AC23F /* Sources */ = {
			isa = PBXSourcesBuildPhase;
			buildActionMask = 2147483647;
			files = (
				4C8D8E5E287115F7009F5C61 /* QueueList.swift in Sources */,
				4C0A09602882068200FC7665 /* CalendarPickerHeaderView.swift in Sources */,
				4C748D0528778EFF000F80E3 /* FlipViewModel.swift in Sources */,
				4C748D0328778EBA000F80E3 /* FlipView.swift in Sources */,
				4C0A09632882068200FC7665 /* CalendarPickerViewController.swift in Sources */,
				4C4BF890286981E7000AC23F /* SignInView.swift in Sources */,
				4CD55F352875F745008DA74A /* Reservation.swift in Sources */,
				4C0A0968288218E300FC7665 /* CalendarPicker.swift in Sources */,
				4C398AC0286AB16A000188D5 /* SignUpView.swift in Sources */,
				4C748CFC28778B65000F80E3 /* SingleFlipView.swift in Sources */,
				4C398AC2286AB737000188D5 /* ProfileSwitchView.swift in Sources */,
				4C398AD5286D4E80000188D5 /* LoadingView.swift in Sources */,
				4C0E00C0286EC9810054B309 /* ProfileView.swift in Sources */,
				4C748D072877A5FA000F80E3 /* TimeSlot.swift in Sources */,
				4CF5EEC828699DEB00AEF857 /* AuthenticationBrain.swift in Sources */,
				4CEA638028753EF900619D7F /* Test.swift in Sources */,
				4C0A09642882068200FC7665 /* MonthMetadata.swift in Sources */,
				4C8D8E5828710948009F5C61 /* QueueView.swift in Sources */,
				4C8D8E56286FA249009F5C61 /* QueueingView.swift in Sources */,
				4C398ACD286C9987000188D5 /* LottieView.swift in Sources */,
				4CDE7BAF28871E4200C012CE /* Extensions.swift in Sources */,
				4C398AD3286CF255000188D5 /* Constants.swift in Sources */,
				4CFEA9EF28750BC400DFF233 /* Sort.swift in Sources */,
				4C39C6E02883E0ED0059D16A /* reservableTimeSlot.swift in Sources */,
				4C398AD1286CF0C8000188D5 /* User.swift in Sources */,
				4C0A09622882068200FC7665 /* Day.swift in Sources */,
				4CDE7BAD28871D1A00C012CE /* ReservationBrain.swift in Sources */,
				4CF5EECB286AAB8E00AEF857 /* LoginSwitchView.swift in Sources */,
				4C748D0B2877B1CF000F80E3 /* TimePickerView.swift in Sources */,
				4C4BF88E286981E7000AC23F /* Speedy_HaircutApp.swift in Sources */,
				4C8D8E5C28710C69009F5C61 /* ReservationView.swift in Sources */,
				4C398ACF286CEFB0000188D5 /* DatabaseBrain.swift in Sources */,
				4C8D8E5A28710A48009F5C61 /* UserTabView.swift in Sources */,
				4C0A09612882068200FC7665 /* CalendarDateCollectionViewCell.swift in Sources */,
				4C0A095F2882068200FC7665 /* CalendarPickerFooterView.swift in Sources */,
			);
			runOnlyForDeploymentPostprocessing = 0;
		};
/* End PBXSourcesBuildPhase section */

/* Begin XCBuildConfiguration section */
		4C4BF896286981E9000AC23F /* Debug */ = {
			isa = XCBuildConfiguration;
			buildSettings = {
				ALWAYS_SEARCH_USER_PATHS = NO;
				CLANG_ANALYZER_NONNULL = YES;
				CLANG_ANALYZER_NUMBER_OBJECT_CONVERSION = YES_AGGRESSIVE;
				CLANG_CXX_LANGUAGE_STANDARD = "gnu++17";
				CLANG_ENABLE_MODULES = YES;
				CLANG_ENABLE_OBJC_ARC = YES;
				CLANG_ENABLE_OBJC_WEAK = YES;
				CLANG_WARN_BLOCK_CAPTURE_AUTORELEASING = YES;
				CLANG_WARN_BOOL_CONVERSION = YES;
				CLANG_WARN_COMMA = YES;
				CLANG_WARN_CONSTANT_CONVERSION = YES;
				CLANG_WARN_DEPRECATED_OBJC_IMPLEMENTATIONS = YES;
				CLANG_WARN_DIRECT_OBJC_ISA_USAGE = YES_ERROR;
				CLANG_WARN_DOCUMENTATION_COMMENTS = YES;
				CLANG_WARN_EMPTY_BODY = YES;
				CLANG_WARN_ENUM_CONVERSION = YES;
				CLANG_WARN_INFINITE_RECURSION = YES;
				CLANG_WARN_INT_CONVERSION = YES;
				CLANG_WARN_NON_LITERAL_NULL_CONVERSION = YES;
				CLANG_WARN_OBJC_IMPLICIT_RETAIN_SELF = YES;
				CLANG_WARN_OBJC_LITERAL_CONVERSION = YES;
				CLANG_WARN_OBJC_ROOT_CLASS = YES_ERROR;
				CLANG_WARN_QUOTED_INCLUDE_IN_FRAMEWORK_HEADER = YES;
				CLANG_WARN_RANGE_LOOP_ANALYSIS = YES;
				CLANG_WARN_STRICT_PROTOTYPES = YES;
				CLANG_WARN_SUSPICIOUS_MOVE = YES;
				CLANG_WARN_UNGUARDED_AVAILABILITY = YES_AGGRESSIVE;
				CLANG_WARN_UNREACHABLE_CODE = YES;
				CLANG_WARN__DUPLICATE_METHOD_MATCH = YES;
				COPY_PHASE_STRIP = NO;
				DEAD_CODE_STRIPPING = NO;
				DEBUG_INFORMATION_FORMAT = dwarf;
				ENABLE_STRICT_OBJC_MSGSEND = YES;
				ENABLE_TESTABILITY = YES;
				GCC_C_LANGUAGE_STANDARD = gnu11;
				GCC_DYNAMIC_NO_PIC = NO;
				GCC_NO_COMMON_BLOCKS = YES;
				GCC_OPTIMIZATION_LEVEL = 0;
				GCC_PREPROCESSOR_DEFINITIONS = (
					"DEBUG=1",
					"$(inherited)",
				);
				GCC_WARN_64_TO_32_BIT_CONVERSION = YES;
				GCC_WARN_ABOUT_RETURN_TYPE = YES_ERROR;
				GCC_WARN_UNDECLARED_SELECTOR = YES;
				GCC_WARN_UNINITIALIZED_AUTOS = YES_AGGRESSIVE;
				GCC_WARN_UNUSED_FUNCTION = YES;
				GCC_WARN_UNUSED_VARIABLE = YES;
				IPHONEOS_DEPLOYMENT_TARGET = 14.0;
				MTL_ENABLE_DEBUG_INFO = INCLUDE_SOURCE;
				MTL_FAST_MATH = YES;
				ONLY_ACTIVE_ARCH = YES;
				SDKROOT = iphoneos;
				SWIFT_ACTIVE_COMPILATION_CONDITIONS = DEBUG;
				SWIFT_OPTIMIZATION_LEVEL = "-Onone";
			};
			name = Debug;
		};
		4C4BF897286981E9000AC23F /* Release */ = {
			isa = XCBuildConfiguration;
			buildSettings = {
				ALWAYS_SEARCH_USER_PATHS = NO;
				CLANG_ANALYZER_NONNULL = YES;
				CLANG_ANALYZER_NUMBER_OBJECT_CONVERSION = YES_AGGRESSIVE;
				CLANG_CXX_LANGUAGE_STANDARD = "gnu++17";
				CLANG_ENABLE_MODULES = YES;
				CLANG_ENABLE_OBJC_ARC = YES;
				CLANG_ENABLE_OBJC_WEAK = YES;
				CLANG_WARN_BLOCK_CAPTURE_AUTORELEASING = YES;
				CLANG_WARN_BOOL_CONVERSION = YES;
				CLANG_WARN_COMMA = YES;
				CLANG_WARN_CONSTANT_CONVERSION = YES;
				CLANG_WARN_DEPRECATED_OBJC_IMPLEMENTATIONS = YES;
				CLANG_WARN_DIRECT_OBJC_ISA_USAGE = YES_ERROR;
				CLANG_WARN_DOCUMENTATION_COMMENTS = YES;
				CLANG_WARN_EMPTY_BODY = YES;
				CLANG_WARN_ENUM_CONVERSION = YES;
				CLANG_WARN_INFINITE_RECURSION = YES;
				CLANG_WARN_INT_CONVERSION = YES;
				CLANG_WARN_NON_LITERAL_NULL_CONVERSION = YES;
				CLANG_WARN_OBJC_IMPLICIT_RETAIN_SELF = YES;
				CLANG_WARN_OBJC_LITERAL_CONVERSION = YES;
				CLANG_WARN_OBJC_ROOT_CLASS = YES_ERROR;
				CLANG_WARN_QUOTED_INCLUDE_IN_FRAMEWORK_HEADER = YES;
				CLANG_WARN_RANGE_LOOP_ANALYSIS = YES;
				CLANG_WARN_STRICT_PROTOTYPES = YES;
				CLANG_WARN_SUSPICIOUS_MOVE = YES;
				CLANG_WARN_UNGUARDED_AVAILABILITY = YES_AGGRESSIVE;
				CLANG_WARN_UNREACHABLE_CODE = YES;
				CLANG_WARN__DUPLICATE_METHOD_MATCH = YES;
				COPY_PHASE_STRIP = NO;
				DEAD_CODE_STRIPPING = NO;
				DEBUG_INFORMATION_FORMAT = "dwarf-with-dsym";
				ENABLE_NS_ASSERTIONS = NO;
				ENABLE_STRICT_OBJC_MSGSEND = YES;
				GCC_C_LANGUAGE_STANDARD = gnu11;
				GCC_NO_COMMON_BLOCKS = YES;
				GCC_WARN_64_TO_32_BIT_CONVERSION = YES;
				GCC_WARN_ABOUT_RETURN_TYPE = YES_ERROR;
				GCC_WARN_UNDECLARED_SELECTOR = YES;
				GCC_WARN_UNINITIALIZED_AUTOS = YES_AGGRESSIVE;
				GCC_WARN_UNUSED_FUNCTION = YES;
				GCC_WARN_UNUSED_VARIABLE = YES;
				IPHONEOS_DEPLOYMENT_TARGET = 14.0;
				MTL_ENABLE_DEBUG_INFO = NO;
				MTL_FAST_MATH = YES;
				SDKROOT = iphoneos;
				SWIFT_COMPILATION_MODE = wholemodule;
				SWIFT_OPTIMIZATION_LEVEL = "-O";
				VALIDATE_PRODUCT = YES;
			};
			name = Release;
		};
		4C4BF899286981E9000AC23F /* Debug */ = {
			isa = XCBuildConfiguration;
			baseConfigurationReference = 5436FDA635CEC29B0B23D247 /* Pods-Speedy Haircut.debug.xcconfig */;
			buildSettings = {
				ASSETCATALOG_COMPILER_APPICON_NAME = AppIcon;
				ASSETCATALOG_COMPILER_GLOBAL_ACCENT_COLOR_NAME = AccentColor;
				CODE_SIGN_STYLE = Automatic;
				CURRENT_PROJECT_VERSION = 1;
				DEVELOPMENT_ASSET_PATHS = "\"Speedy Haircut/Preview Content\"";
				DEVELOPMENT_TEAM = S55Y88F36A;
				ENABLE_PREVIEWS = YES;
				GENERATE_INFOPLIST_FILE = YES;
				INFOPLIST_KEY_UIApplicationSceneManifest_Generation = YES;
				INFOPLIST_KEY_UIApplicationSupportsIndirectInputEvents = YES;
				INFOPLIST_KEY_UILaunchScreen_Generation = YES;
				INFOPLIST_KEY_UISupportedInterfaceOrientations_iPad = "UIInterfaceOrientationPortrait UIInterfaceOrientationPortraitUpsideDown UIInterfaceOrientationLandscapeLeft UIInterfaceOrientationLandscapeRight";
				INFOPLIST_KEY_UISupportedInterfaceOrientations_iPhone = "UIInterfaceOrientationPortrait UIInterfaceOrientationLandscapeLeft UIInterfaceOrientationLandscapeRight";
				LD_RUNPATH_SEARCH_PATHS = (
					"$(inherited)",
					"@executable_path/Frameworks",
				);
				MARKETING_VERSION = 1.0;
				PRODUCT_BUNDLE_IDENTIFIER = "com.KanekiSidibe.Speedy-Haircut";
				PRODUCT_NAME = "$(TARGET_NAME)";
				SWIFT_EMIT_LOC_STRINGS = YES;
				SWIFT_VERSION = 5.0;
				TARGETED_DEVICE_FAMILY = "1,2";
			};
			name = Debug;
		};
		4C4BF89A286981E9000AC23F /* Release */ = {
			isa = XCBuildConfiguration;
			baseConfigurationReference = 8840D9E8998D1F64628EB1C5 /* Pods-Speedy Haircut.release.xcconfig */;
			buildSettings = {
				ASSETCATALOG_COMPILER_APPICON_NAME = AppIcon;
				ASSETCATALOG_COMPILER_GLOBAL_ACCENT_COLOR_NAME = AccentColor;
				CODE_SIGN_STYLE = Automatic;
				CURRENT_PROJECT_VERSION = 1;
				DEVELOPMENT_ASSET_PATHS = "\"Speedy Haircut/Preview Content\"";
				DEVELOPMENT_TEAM = S55Y88F36A;
				ENABLE_PREVIEWS = YES;
				GENERATE_INFOPLIST_FILE = YES;
				INFOPLIST_KEY_UIApplicationSceneManifest_Generation = YES;
				INFOPLIST_KEY_UIApplicationSupportsIndirectInputEvents = YES;
				INFOPLIST_KEY_UILaunchScreen_Generation = YES;
				INFOPLIST_KEY_UISupportedInterfaceOrientations_iPad = "UIInterfaceOrientationPortrait UIInterfaceOrientationPortraitUpsideDown UIInterfaceOrientationLandscapeLeft UIInterfaceOrientationLandscapeRight";
				INFOPLIST_KEY_UISupportedInterfaceOrientations_iPhone = "UIInterfaceOrientationPortrait UIInterfaceOrientationLandscapeLeft UIInterfaceOrientationLandscapeRight";
				LD_RUNPATH_SEARCH_PATHS = (
					"$(inherited)",
					"@executable_path/Frameworks",
				);
				MARKETING_VERSION = 1.0;
				PRODUCT_BUNDLE_IDENTIFIER = "com.KanekiSidibe.Speedy-Haircut";
				PRODUCT_NAME = "$(TARGET_NAME)";
				SWIFT_EMIT_LOC_STRINGS = YES;
				SWIFT_VERSION = 5.0;
				TARGETED_DEVICE_FAMILY = "1,2";
			};
			name = Release;
		};
/* End XCBuildConfiguration section */

/* Begin XCConfigurationList section */
		4C4BF885286981E7000AC23F /* Build configuration list for PBXProject "Speedy Haircut" */ = {
			isa = XCConfigurationList;
			buildConfigurations = (
				4C4BF896286981E9000AC23F /* Debug */,
				4C4BF897286981E9000AC23F /* Release */,
			);
			defaultConfigurationIsVisible = 0;
			defaultConfigurationName = Release;
		};
		4C4BF898286981E9000AC23F /* Build configuration list for PBXNativeTarget "Speedy Haircut" */ = {
			isa = XCConfigurationList;
			buildConfigurations = (
				4C4BF899286981E9000AC23F /* Debug */,
				4C4BF89A286981E9000AC23F /* Release */,
			);
			defaultConfigurationIsVisible = 0;
			defaultConfigurationName = Release;
		};
/* End XCConfigurationList section */

/* Begin XCRemoteSwiftPackageReference section */
		4CCE837528762E440036FE7D /* XCRemoteSwiftPackageReference "firebase-ios-sdk" */ = {
			isa = XCRemoteSwiftPackageReference;
			repositoryURL = "https://github.com/firebase/firebase-ios-sdk.git";
			requirement = {
				kind = upToNextMajorVersion;
				minimumVersion = 9.0.0;
			};
		};
		4CCE837C28762E770036FE7D /* XCRemoteSwiftPackageReference "lottie-ios" */ = {
			isa = XCRemoteSwiftPackageReference;
			repositoryURL = "https://github.com/airbnb/lottie-ios.git";
			requirement = {
				branch = master;
				kind = branch;
			};
		};
/* End XCRemoteSwiftPackageReference section */

/* Begin XCSwiftPackageProductDependency section */
		4CCE837628762E440036FE7D /* FirebaseAuth */ = {
			isa = XCSwiftPackageProductDependency;
			package = 4CCE837528762E440036FE7D /* XCRemoteSwiftPackageReference "firebase-ios-sdk" */;
			productName = FirebaseAuth;
		};
		4CCE837828762E440036FE7D /* FirebaseFirestore */ = {
			isa = XCSwiftPackageProductDependency;
			package = 4CCE837528762E440036FE7D /* XCRemoteSwiftPackageReference "firebase-ios-sdk" */;
			productName = FirebaseFirestore;
		};
		4CCE837A28762E440036FE7D /* FirebaseFunctions */ = {
			isa = XCSwiftPackageProductDependency;
			package = 4CCE837528762E440036FE7D /* XCRemoteSwiftPackageReference "firebase-ios-sdk" */;
			productName = FirebaseFunctions;
		};
		4CCE837D28762E770036FE7D /* Lottie */ = {
			isa = XCSwiftPackageProductDependency;
			package = 4CCE837C28762E770036FE7D /* XCRemoteSwiftPackageReference "lottie-ios" */;
			productName = Lottie;
		};
/* End XCSwiftPackageProductDependency section */
	};
	rootObject = 4C4BF882286981E7000AC23F /* Project object */;
}
